goforge.dev/goplus/std v0.181.0 h1:1ZpOx/p5emXBCllteGzQvaSag4G6ok5KqguNyy5bQkY=
goforge.dev/goplus/std v0.181.0/go.mod h1:kr7uOTXhg4p16dGLzGTBnVBsteQnUo3e/5XU055m1PM=
goforge.dev/goplus/std v0.182.0 h1:LEygXcSTtYzvQ1z5HJL7Ho01GMp2HG+XDB7IlFuUrWc=
goforge.dev/goplus/std v0.182.0/go.mod h1:kr7uOTXhg4p16dGLzGTBnVBsteQnUo3e/5XU055m1PM=
goforge.dev/goplus/std v0.183.0 h1:suk7x6xkCfPkgjADXwEhPhUanaVru2csVSQMUc+U+Kc=
goforge.dev/goplus/std v0.183.0/go.mod h1:kr7uOTXhg4p16dGLzGTBnVBsteQnUo3e/5XU055m1PM=
goforge.dev/goplus/std v0.184.0 h1:Zr1ziTvhefg6zS8ZR9RTRWc7bsdZPwA2JY+eNRyuMSo=
goforge.dev/goplus/std v0.184.0/go.mod h1:kr7uOTXhg4p16dGLzGTBnVBsteQnUo3e/5XU055m1PM=
goforge.dev/goplus/std v0.185.0 h1:Hmcy4enQai0HEKmgB5PIeBZhmintYIiaY00iC58tqbM=
goforge.dev/goplus/std v0.185.0/go.mod h1:kr7uOTXhg4p16dGLzGTBnVBsteQnUo3e/5XU055m1PM=
