github.com/Z3Prover/z3/src/api/go v0.0.0-20260218225751-ddb49568d352 h1:C2rr5nAD+9wiktEryZrpX7OxDyLu4l/gIv7DNHuJkRY=
github.com/Z3Prover/z3/src/api/go v0.0.0-20260218225751-ddb49568d352/go.mod h1:4uqsFzLnAPPSuF7CqYgRd7/UeSBfz8tCtTSocv4uzkU=
goforge.dev/goplus/std v0.104.0 h1:5cWbUpZIgzTWlAYZ4t4Q3jvVDicrvX1NgNgqYB+pFOs=
goforge.dev/goplus/std v0.104.0/go.mod h1:kr7uOTXhg4p16dGLzGTBnVBsteQnUo3e/5XU055m1PM=
